
Microsoft Visual Studio Solution File, Format Version 12.00
# Visual Studio Version 17
VisualStudioVersion = 17.0.31903.59
MinimumVisualStudioVersion = 10.0.40219.1
Project("{2150E333-8FDC-42A3-9474-1A3956D46DE8}") = "src", "src", "{827E0CD3-B72D-47B6-A68D-7590B98EB39B}"
EndProject
Project("{FAE04EC0-301F-11D3-BF4B-00C04F79EFBC}") = "Skia3D.Core", "src\Skia3D.Core\Skia3D.Core.csproj", "{50FCFA69-FFEC-48D3-AE38-E40A5FFFB56E}"
EndProject
Project("{2150E333-8FDC-42A3-9474-1A3956D46DE8}") = "samples", "samples", "{5D20AA90-6969-D8BD-9DCD-8634F4692FDA}"
EndProject
Project("{FAE04EC0-301F-11D3-BF4B-00C04F79EFBC}") = "Skia3D.Sample", "samples\Skia3D.Sample\Skia3D.Sample.csproj", "{9FCEE7A5-8688-4326-AF83-232E69ECB47F}"
EndProject
Project("{FAE04EC0-301F-11D3-BF4B-00C04F79EFBC}") = "Skia3D.Subsystems", "samples\Skia3D.Subsystems\Skia3D.Subsystems.csproj", "{6445FFCA-0E7F-40A4-BB39-73FCFB6913EA}"
EndProject
Project("{FAE04EC0-301F-11D3-BF4B-00C04F79EFBC}") = "Skia3D.Bench", "samples\Skia3D.Bench\Skia3D.Bench.csproj", "{C1C8EDB7-934A-4E45-9711-CA72715EFBF4}"
EndProject
Project("{FAE04EC0-301F-11D3-BF4B-00C04F79EFBC}") = "Skia3D.Geometry", "src\Skia3D.Geometry\Skia3D.Geometry.csproj", "{9D6BA585-5523-4D6E-AA29-D65DC9800979}"
EndProject
Project("{FAE04EC0-301F-11D3-BF4B-00C04F79EFBC}") = "Skia3D.Acceleration", "src\Skia3D.Acceleration\Skia3D.Acceleration.csproj", "{A55D6FE5-2EE0-457B-A480-21E31A099544}"
EndProject
Project("{FAE04EC0-301F-11D3-BF4B-00C04F79EFBC}") = "Skia3D.Modeling", "src\Skia3D.Modeling\Skia3D.Modeling.csproj", "{119E8B45-7CA4-4579-B71A-B10A5C810326}"
EndProject
Project("{FAE04EC0-301F-11D3-BF4B-00C04F79EFBC}") = "Skia3D.Scene", "src\Skia3D.Scene\Skia3D.Scene.csproj", "{55F271E4-6E8D-4E6E-8B15-52BB8C1266A9}"
EndProject
Project("{FAE04EC0-301F-11D3-BF4B-00C04F79EFBC}") = "Skia3D.IO", "src\Skia3D.IO\Skia3D.IO.csproj", "{23F5B287-9B6B-40B9-91B3-DC20DAE2EFD9}"
EndProject
Project("{FAE04EC0-301F-11D3-BF4B-00C04F79EFBC}") = "Skia3D.Animation", "src\Skia3D.Animation\Skia3D.Animation.csproj", "{F0422FF3-3789-4F58-A8EF-D2DA6769D926}"
EndProject
Project("{FAE04EC0-301F-11D3-BF4B-00C04F79EFBC}") = "Skia3D.Editor", "src\Skia3D.Editor\Skia3D.Editor.csproj", "{652D68C6-C879-4705-AE88-0CE4440F07D9}"
EndProject
Project("{FAE04EC0-301F-11D3-BF4B-00C04F79EFBC}") = "Skia3D.ShaderGraph", "src\Skia3D.ShaderGraph\Skia3D.ShaderGraph.csproj", "{8DE3795D-A2FB-4931-85CA-71DB0873E9A6}"
EndProject
Project("{FAE04EC0-301F-11D3-BF4B-00C04F79EFBC}") = "Skia3D.Runtime", "src\Skia3D.Runtime\Skia3D.Runtime.csproj", "{60641BF4-6A08-4F28-AE8E-2505924C76A6}"
EndProject
Project("{FAE04EC0-301F-11D3-BF4B-00C04F79EFBC}") = "Skia3D.Physics", "src\Skia3D.Physics\Skia3D.Physics.csproj", "{353B14E4-9062-4AC3-9AC1-F4D9240D1B7B}"
EndProject
Project("{FAE04EC0-301F-11D3-BF4B-00C04F79EFBC}") = "Skia3D.Audio", "src\Skia3D.Audio\Skia3D.Audio.csproj", "{10059F2B-7E5F-42CA-8D90-2CD40E0069C7}"
EndProject
Project("{FAE04EC0-301F-11D3-BF4B-00C04F79EFBC}") = "Skia3D.Vfx", "src\Skia3D.Vfx\Skia3D.Vfx.csproj", "{A029CF92-6554-425E-BABE-A95D000B5015}"
EndProject
Project("{FAE04EC0-301F-11D3-BF4B-00C04F79EFBC}") = "Skia3D.Navigation", "src\Skia3D.Navigation\Skia3D.Navigation.csproj", "{A05A3033-334E-4F7A-BF62-C50996B26B95}"
EndProject
Project("{FAE04EC0-301F-11D3-BF4B-00C04F79EFBC}") = "Skia3D.Input", "src\Skia3D.Input\Skia3D.Input.csproj", "{E92D9CDC-648B-41D5-B24B-2D804926633E}"
EndProject
Project("{FAE04EC0-301F-11D3-BF4B-00C04F79EFBC}") = "Skia3D.Assets", "src\Skia3D.Assets\Skia3D.Assets.csproj", "{5218B201-AF63-4826-A492-31BC3AE81CBC}"
EndProject
Project("{2150E333-8FDC-42A3-9474-1A3956D46DE8}") = "tests", "tests", "{8B737D29-4E0A-4A05-9E23-20C4FC76A214}"
EndProject
Project("{FAE04EC0-301F-11D3-BF4B-00C04F79EFBC}") = "Skia3D.Runtime.Tests", "tests\Skia3D.Runtime.Tests\Skia3D.Runtime.Tests.csproj", "{CC714F6A-7636-4657-8C9E-314690EED01E}"
EndProject
Project("{FAE04EC0-301F-11D3-BF4B-00C04F79EFBC}") = "Skia3D.Core.Tests", "tests\Skia3D.Core.Tests\Skia3D.Core.Tests.csproj", "{23C6051E-C7E3-4378-9C5F-896E2A4CEB6E}"
EndProject
Project("{FAE04EC0-301F-11D3-BF4B-00C04F79EFBC}") = "Skia3D.Rendering", "src\Skia3D.Rendering\Skia3D.Rendering.csproj", "{1A07A36A-228A-4E26-90FC-8F2F6B48EB8D}"
EndProject
Global
	GlobalSection(SolutionConfigurationPlatforms) = preSolution
		Debug|Any CPU = Debug|Any CPU
		Debug|x64 = Debug|x64
		Debug|x86 = Debug|x86
		Release|Any CPU = Release|Any CPU
		Release|x64 = Release|x64
		Release|x86 = Release|x86
	EndGlobalSection
	GlobalSection(ProjectConfigurationPlatforms) = postSolution
		{50FCFA69-FFEC-48D3-AE38-E40A5FFFB56E}.Debug|Any CPU.ActiveCfg = Debug|Any CPU
		{50FCFA69-FFEC-48D3-AE38-E40A5FFFB56E}.Debug|Any CPU.Build.0 = Debug|Any CPU
		{50FCFA69-FFEC-48D3-AE38-E40A5FFFB56E}.Debug|x64.ActiveCfg = Debug|Any CPU
		{50FCFA69-FFEC-48D3-AE38-E40A5FFFB56E}.Debug|x64.Build.0 = Debug|Any CPU
		{50FCFA69-FFEC-48D3-AE38-E40A5FFFB56E}.Debug|x86.ActiveCfg = Debug|Any CPU
		{50FCFA69-FFEC-48D3-AE38-E40A5FFFB56E}.Debug|x86.Build.0 = Debug|Any CPU
		{50FCFA69-FFEC-48D3-AE38-E40A5FFFB56E}.Release|Any CPU.ActiveCfg = Release|Any CPU
		{50FCFA69-FFEC-48D3-AE38-E40A5FFFB56E}.Release|Any CPU.Build.0 = Release|Any CPU
		{50FCFA69-FFEC-48D3-AE38-E40A5FFFB56E}.Release|x64.ActiveCfg = Release|Any CPU
		{50FCFA69-FFEC-48D3-AE38-E40A5FFFB56E}.Release|x64.Build.0 = Release|Any CPU
		{50FCFA69-FFEC-48D3-AE38-E40A5FFFB56E}.Release|x86.ActiveCfg = Release|Any CPU
		{50FCFA69-FFEC-48D3-AE38-E40A5FFFB56E}.Release|x86.Build.0 = Release|Any CPU
		{9FCEE7A5-8688-4326-AF83-232E69ECB47F}.Debug|Any CPU.ActiveCfg = Debug|Any CPU
		{9FCEE7A5-8688-4326-AF83-232E69ECB47F}.Debug|Any CPU.Build.0 = Debug|Any CPU
		{9FCEE7A5-8688-4326-AF83-232E69ECB47F}.Debug|x64.ActiveCfg = Debug|Any CPU
		{9FCEE7A5-8688-4326-AF83-232E69ECB47F}.Debug|x64.Build.0 = Debug|Any CPU
		{9FCEE7A5-8688-4326-AF83-232E69ECB47F}.Debug|x86.ActiveCfg = Debug|Any CPU
		{9FCEE7A5-8688-4326-AF83-232E69ECB47F}.Debug|x86.Build.0 = Debug|Any CPU
		{9FCEE7A5-8688-4326-AF83-232E69ECB47F}.Release|Any CPU.ActiveCfg = Release|Any CPU
		{9FCEE7A5-8688-4326-AF83-232E69ECB47F}.Release|Any CPU.Build.0 = Release|Any CPU
		{9FCEE7A5-8688-4326-AF83-232E69ECB47F}.Release|x64.ActiveCfg = Release|Any CPU
		{9FCEE7A5-8688-4326-AF83-232E69ECB47F}.Release|x64.Build.0 = Release|Any CPU
		{9FCEE7A5-8688-4326-AF83-232E69ECB47F}.Release|x86.ActiveCfg = Release|Any CPU
		{9FCEE7A5-8688-4326-AF83-232E69ECB47F}.Release|x86.Build.0 = Release|Any CPU
		{6445FFCA-0E7F-40A4-BB39-73FCFB6913EA}.Debug|Any CPU.ActiveCfg = Debug|Any CPU
		{6445FFCA-0E7F-40A4-BB39-73FCFB6913EA}.Debug|Any CPU.Build.0 = Debug|Any CPU
		{6445FFCA-0E7F-40A4-BB39-73FCFB6913EA}.Debug|x64.ActiveCfg = Debug|Any CPU
		{6445FFCA-0E7F-40A4-BB39-73FCFB6913EA}.Debug|x64.Build.0 = Debug|Any CPU
		{6445FFCA-0E7F-40A4-BB39-73FCFB6913EA}.Debug|x86.ActiveCfg = Debug|Any CPU
		{6445FFCA-0E7F-40A4-BB39-73FCFB6913EA}.Debug|x86.Build.0 = Debug|Any CPU
		{6445FFCA-0E7F-40A4-BB39-73FCFB6913EA}.Release|Any CPU.ActiveCfg = Release|Any CPU
		{6445FFCA-0E7F-40A4-BB39-73FCFB6913EA}.Release|Any CPU.Build.0 = Release|Any CPU
		{6445FFCA-0E7F-40A4-BB39-73FCFB6913EA}.Release|x64.ActiveCfg = Release|Any CPU
		{6445FFCA-0E7F-40A4-BB39-73FCFB6913EA}.Release|x64.Build.0 = Release|Any CPU
		{6445FFCA-0E7F-40A4-BB39-73FCFB6913EA}.Release|x86.ActiveCfg = Release|Any CPU
		{6445FFCA-0E7F-40A4-BB39-73FCFB6913EA}.Release|x86.Build.0 = Release|Any CPU
		{C1C8EDB7-934A-4E45-9711-CA72715EFBF4}.Debug|Any CPU.ActiveCfg = Debug|Any CPU
		{C1C8EDB7-934A-4E45-9711-CA72715EFBF4}.Debug|Any CPU.Build.0 = Debug|Any CPU
		{C1C8EDB7-934A-4E45-9711-CA72715EFBF4}.Debug|x64.ActiveCfg = Debug|Any CPU
		{C1C8EDB7-934A-4E45-9711-CA72715EFBF4}.Debug|x64.Build.0 = Debug|Any CPU
		{C1C8EDB7-934A-4E45-9711-CA72715EFBF4}.Debug|x86.ActiveCfg = Debug|Any CPU
		{C1C8EDB7-934A-4E45-9711-CA72715EFBF4}.Debug|x86.Build.0 = Debug|Any CPU
		{C1C8EDB7-934A-4E45-9711-CA72715EFBF4}.Release|Any CPU.ActiveCfg = Release|Any CPU
		{C1C8EDB7-934A-4E45-9711-CA72715EFBF4}.Release|Any CPU.Build.0 = Release|Any CPU
		{C1C8EDB7-934A-4E45-9711-CA72715EFBF4}.Release|x64.ActiveCfg = Release|Any CPU
		{C1C8EDB7-934A-4E45-9711-CA72715EFBF4}.Release|x64.Build.0 = Release|Any CPU
		{C1C8EDB7-934A-4E45-9711-CA72715EFBF4}.Release|x86.ActiveCfg = Release|Any CPU
		{C1C8EDB7-934A-4E45-9711-CA72715EFBF4}.Release|x86.Build.0 = Release|Any CPU
		{9D6BA585-5523-4D6E-AA29-D65DC9800979}.Debug|Any CPU.ActiveCfg = Debug|Any CPU
		{9D6BA585-5523-4D6E-AA29-D65DC9800979}.Debug|Any CPU.Build.0 = Debug|Any CPU
		{9D6BA585-5523-4D6E-AA29-D65DC9800979}.Debug|x64.ActiveCfg = Debug|Any CPU
		{9D6BA585-5523-4D6E-AA29-D65DC9800979}.Debug|x64.Build.0 = Debug|Any CPU
		{9D6BA585-5523-4D6E-AA29-D65DC9800979}.Debug|x86.ActiveCfg = Debug|Any CPU
		{9D6BA585-5523-4D6E-AA29-D65DC9800979}.Debug|x86.Build.0 = Debug|Any CPU
		{9D6BA585-5523-4D6E-AA29-D65DC9800979}.Release|Any CPU.ActiveCfg = Release|Any CPU
		{9D6BA585-5523-4D6E-AA29-D65DC9800979}.Release|Any CPU.Build.0 = Release|Any CPU
		{9D6BA585-5523-4D6E-AA29-D65DC9800979}.Release|x64.ActiveCfg = Release|Any CPU
		{9D6BA585-5523-4D6E-AA29-D65DC9800979}.Release|x64.Build.0 = Release|Any CPU
		{9D6BA585-5523-4D6E-AA29-D65DC9800979}.Release|x86.ActiveCfg = Release|Any CPU
		{9D6BA585-5523-4D6E-AA29-D65DC9800979}.Release|x86.Build.0 = Release|Any CPU
		{A55D6FE5-2EE0-457B-A480-21E31A099544}.Debug|Any CPU.ActiveCfg = Debug|Any CPU
		{A55D6FE5-2EE0-457B-A480-21E31A099544}.Debug|Any CPU.Build.0 = Debug|Any CPU
		{A55D6FE5-2EE0-457B-A480-21E31A099544}.Debug|x64.ActiveCfg = Debug|Any CPU
		{A55D6FE5-2EE0-457B-A480-21E31A099544}.Debug|x64.Build.0 = Debug|Any CPU
		{A55D6FE5-2EE0-457B-A480-21E31A099544}.Debug|x86.ActiveCfg = Debug|Any CPU
		{A55D6FE5-2EE0-457B-A480-21E31A099544}.Debug|x86.Build.0 = Debug|Any CPU
		{A55D6FE5-2EE0-457B-A480-21E31A099544}.Release|Any CPU.ActiveCfg = Release|Any CPU
		{A55D6FE5-2EE0-457B-A480-21E31A099544}.Release|Any CPU.Build.0 = Release|Any CPU
		{A55D6FE5-2EE0-457B-A480-21E31A099544}.Release|x64.ActiveCfg = Release|Any CPU
		{A55D6FE5-2EE0-457B-A480-21E31A099544}.Release|x64.Build.0 = Release|Any CPU
		{A55D6FE5-2EE0-457B-A480-21E31A099544}.Release|x86.ActiveCfg = Release|Any CPU
		{A55D6FE5-2EE0-457B-A480-21E31A099544}.Release|x86.Build.0 = Release|Any CPU
		{119E8B45-7CA4-4579-B71A-B10A5C810326}.Debug|Any CPU.ActiveCfg = Debug|Any CPU
		{119E8B45-7CA4-4579-B71A-B10A5C810326}.Debug|Any CPU.Build.0 = Debug|Any CPU
		{119E8B45-7CA4-4579-B71A-B10A5C810326}.Debug|x64.ActiveCfg = Debug|Any CPU
		{119E8B45-7CA4-4579-B71A-B10A5C810326}.Debug|x64.Build.0 = Debug|Any CPU
		{119E8B45-7CA4-4579-B71A-B10A5C810326}.Debug|x86.ActiveCfg = Debug|Any CPU
		{119E8B45-7CA4-4579-B71A-B10A5C810326}.Debug|x86.Build.0 = Debug|Any CPU
		{119E8B45-7CA4-4579-B71A-B10A5C810326}.Release|Any CPU.ActiveCfg = Release|Any CPU
		{119E8B45-7CA4-4579-B71A-B10A5C810326}.Release|Any CPU.Build.0 = Release|Any CPU
		{119E8B45-7CA4-4579-B71A-B10A5C810326}.Release|x64.ActiveCfg = Release|Any CPU
		{119E8B45-7CA4-4579-B71A-B10A5C810326}.Release|x64.Build.0 = Release|Any CPU
		{119E8B45-7CA4-4579-B71A-B10A5C810326}.Release|x86.ActiveCfg = Release|Any CPU
		{119E8B45-7CA4-4579-B71A-B10A5C810326}.Release|x86.Build.0 = Release|Any CPU
		{55F271E4-6E8D-4E6E-8B15-52BB8C1266A9}.Debug|Any CPU.ActiveCfg = Debug|Any CPU
		{55F271E4-6E8D-4E6E-8B15-52BB8C1266A9}.Debug|Any CPU.Build.0 = Debug|Any CPU
		{55F271E4-6E8D-4E6E-8B15-52BB8C1266A9}.Debug|x64.ActiveCfg = Debug|Any CPU
		{55F271E4-6E8D-4E6E-8B15-52BB8C1266A9}.Debug|x64.Build.0 = Debug|Any CPU
		{55F271E4-6E8D-4E6E-8B15-52BB8C1266A9}.Debug|x86.ActiveCfg = Debug|Any CPU
		{55F271E4-6E8D-4E6E-8B15-52BB8C1266A9}.Debug|x86.Build.0 = Debug|Any CPU
		{55F271E4-6E8D-4E6E-8B15-52BB8C1266A9}.Release|Any CPU.ActiveCfg = Release|Any CPU
		{55F271E4-6E8D-4E6E-8B15-52BB8C1266A9}.Release|Any CPU.Build.0 = Release|Any CPU
		{55F271E4-6E8D-4E6E-8B15-52BB8C1266A9}.Release|x64.ActiveCfg = Release|Any CPU
		{55F271E4-6E8D-4E6E-8B15-52BB8C1266A9}.Release|x64.Build.0 = Release|Any CPU
		{55F271E4-6E8D-4E6E-8B15-52BB8C1266A9}.Release|x86.ActiveCfg = Release|Any CPU
		{55F271E4-6E8D-4E6E-8B15-52BB8C1266A9}.Release|x86.Build.0 = Release|Any CPU
		{23F5B287-9B6B-40B9-91B3-DC20DAE2EFD9}.Debug|Any CPU.ActiveCfg = Debug|Any CPU
		{23F5B287-9B6B-40B9-91B3-DC20DAE2EFD9}.Debug|Any CPU.Build.0 = Debug|Any CPU
		{23F5B287-9B6B-40B9-91B3-DC20DAE2EFD9}.Debug|x64.ActiveCfg = Debug|Any CPU
		{23F5B287-9B6B-40B9-91B3-DC20DAE2EFD9}.Debug|x64.Build.0 = Debug|Any CPU
		{23F5B287-9B6B-40B9-91B3-DC20DAE2EFD9}.Debug|x86.ActiveCfg = Debug|Any CPU
		{23F5B287-9B6B-40B9-91B3-DC20DAE2EFD9}.Debug|x86.Build.0 = Debug|Any CPU
		{23F5B287-9B6B-40B9-91B3-DC20DAE2EFD9}.Release|Any CPU.ActiveCfg = Release|Any CPU
		{23F5B287-9B6B-40B9-91B3-DC20DAE2EFD9}.Release|Any CPU.Build.0 = Release|Any CPU
		{23F5B287-9B6B-40B9-91B3-DC20DAE2EFD9}.Release|x64.ActiveCfg = Release|Any CPU
		{23F5B287-9B6B-40B9-91B3-DC20DAE2EFD9}.Release|x64.Build.0 = Release|Any CPU
		{23F5B287-9B6B-40B9-91B3-DC20DAE2EFD9}.Release|x86.ActiveCfg = Release|Any CPU
		{23F5B287-9B6B-40B9-91B3-DC20DAE2EFD9}.Release|x86.Build.0 = Release|Any CPU
		{F0422FF3-3789-4F58-A8EF-D2DA6769D926}.Debug|Any CPU.ActiveCfg = Debug|Any CPU
		{F0422FF3-3789-4F58-A8EF-D2DA6769D926}.Debug|Any CPU.Build.0 = Debug|Any CPU
		{F0422FF3-3789-4F58-A8EF-D2DA6769D926}.Debug|x64.ActiveCfg = Debug|Any CPU
		{F0422FF3-3789-4F58-A8EF-D2DA6769D926}.Debug|x64.Build.0 = Debug|Any CPU
		{F0422FF3-3789-4F58-A8EF-D2DA6769D926}.Debug|x86.ActiveCfg = Debug|Any CPU
		{F0422FF3-3789-4F58-A8EF-D2DA6769D926}.Debug|x86.Build.0 = Debug|Any CPU
		{F0422FF3-3789-4F58-A8EF-D2DA6769D926}.Release|Any CPU.ActiveCfg = Release|Any CPU
		{F0422FF3-3789-4F58-A8EF-D2DA6769D926}.Release|Any CPU.Build.0 = Release|Any CPU
		{F0422FF3-3789-4F58-A8EF-D2DA6769D926}.Release|x64.ActiveCfg = Release|Any CPU
		{F0422FF3-3789-4F58-A8EF-D2DA6769D926}.Release|x64.Build.0 = Release|Any CPU
		{F0422FF3-3789-4F58-A8EF-D2DA6769D926}.Release|x86.ActiveCfg = Release|Any CPU
		{F0422FF3-3789-4F58-A8EF-D2DA6769D926}.Release|x86.Build.0 = Release|Any CPU
		{652D68C6-C879-4705-AE88-0CE4440F07D9}.Debug|Any CPU.ActiveCfg = Debug|Any CPU
		{652D68C6-C879-4705-AE88-0CE4440F07D9}.Debug|Any CPU.Build.0 = Debug|Any CPU
		{652D68C6-C879-4705-AE88-0CE4440F07D9}.Debug|x64.ActiveCfg = Debug|Any CPU
		{652D68C6-C879-4705-AE88-0CE4440F07D9}.Debug|x64.Build.0 = Debug|Any CPU
		{652D68C6-C879-4705-AE88-0CE4440F07D9}.Debug|x86.ActiveCfg = Debug|Any CPU
		{652D68C6-C879-4705-AE88-0CE4440F07D9}.Debug|x86.Build.0 = Debug|Any CPU
		{652D68C6-C879-4705-AE88-0CE4440F07D9}.Release|Any CPU.ActiveCfg = Release|Any CPU
		{652D68C6-C879-4705-AE88-0CE4440F07D9}.Release|Any CPU.Build.0 = Release|Any CPU
		{652D68C6-C879-4705-AE88-0CE4440F07D9}.Release|x64.ActiveCfg = Release|Any CPU
		{652D68C6-C879-4705-AE88-0CE4440F07D9}.Release|x64.Build.0 = Release|Any CPU
		{652D68C6-C879-4705-AE88-0CE4440F07D9}.Release|x86.ActiveCfg = Release|Any CPU
		{652D68C6-C879-4705-AE88-0CE4440F07D9}.Release|x86.Build.0 = Release|Any CPU
		{8DE3795D-A2FB-4931-85CA-71DB0873E9A6}.Debug|Any CPU.ActiveCfg = Debug|Any CPU
		{8DE3795D-A2FB-4931-85CA-71DB0873E9A6}.Debug|Any CPU.Build.0 = Debug|Any CPU
		{8DE3795D-A2FB-4931-85CA-71DB0873E9A6}.Debug|x64.ActiveCfg = Debug|Any CPU
		{8DE3795D-A2FB-4931-85CA-71DB0873E9A6}.Debug|x64.Build.0 = Debug|Any CPU
		{8DE3795D-A2FB-4931-85CA-71DB0873E9A6}.Debug|x86.ActiveCfg = Debug|Any CPU
		{8DE3795D-A2FB-4931-85CA-71DB0873E9A6}.Debug|x86.Build.0 = Debug|Any CPU
		{8DE3795D-A2FB-4931-85CA-71DB0873E9A6}.Release|Any CPU.ActiveCfg = Release|Any CPU
		{8DE3795D-A2FB-4931-85CA-71DB0873E9A6}.Release|Any CPU.Build.0 = Release|Any CPU
		{8DE3795D-A2FB-4931-85CA-71DB0873E9A6}.Release|x64.ActiveCfg = Release|Any CPU
		{8DE3795D-A2FB-4931-85CA-71DB0873E9A6}.Release|x64.Build.0 = Release|Any CPU
		{8DE3795D-A2FB-4931-85CA-71DB0873E9A6}.Release|x86.ActiveCfg = Release|Any CPU
		{8DE3795D-A2FB-4931-85CA-71DB0873E9A6}.Release|x86.Build.0 = Release|Any CPU
		{60641BF4-6A08-4F28-AE8E-2505924C76A6}.Debug|Any CPU.ActiveCfg = Debug|Any CPU
		{60641BF4-6A08-4F28-AE8E-2505924C76A6}.Debug|Any CPU.Build.0 = Debug|Any CPU
		{60641BF4-6A08-4F28-AE8E-2505924C76A6}.Debug|x64.ActiveCfg = Debug|Any CPU
		{60641BF4-6A08-4F28-AE8E-2505924C76A6}.Debug|x64.Build.0 = Debug|Any CPU
		{60641BF4-6A08-4F28-AE8E-2505924C76A6}.Debug|x86.ActiveCfg = Debug|Any CPU
		{60641BF4-6A08-4F28-AE8E-2505924C76A6}.Debug|x86.Build.0 = Debug|Any CPU
		{60641BF4-6A08-4F28-AE8E-2505924C76A6}.Release|Any CPU.ActiveCfg = Release|Any CPU
		{60641BF4-6A08-4F28-AE8E-2505924C76A6}.Release|Any CPU.Build.0 = Release|Any CPU
		{60641BF4-6A08-4F28-AE8E-2505924C76A6}.Release|x64.ActiveCfg = Release|Any CPU
		{60641BF4-6A08-4F28-AE8E-2505924C76A6}.Release|x64.Build.0 = Release|Any CPU
		{60641BF4-6A08-4F28-AE8E-2505924C76A6}.Release|x86.ActiveCfg = Release|Any CPU
		{60641BF4-6A08-4F28-AE8E-2505924C76A6}.Release|x86.Build.0 = Release|Any CPU
		{353B14E4-9062-4AC3-9AC1-F4D9240D1B7B}.Debug|Any CPU.ActiveCfg = Debug|Any CPU
		{353B14E4-9062-4AC3-9AC1-F4D9240D1B7B}.Debug|Any CPU.Build.0 = Debug|Any CPU
		{353B14E4-9062-4AC3-9AC1-F4D9240D1B7B}.Debug|x64.ActiveCfg = Debug|Any CPU
		{353B14E4-9062-4AC3-9AC1-F4D9240D1B7B}.Debug|x64.Build.0 = Debug|Any CPU
		{353B14E4-9062-4AC3-9AC1-F4D9240D1B7B}.Debug|x86.ActiveCfg = Debug|Any CPU
		{353B14E4-9062-4AC3-9AC1-F4D9240D1B7B}.Debug|x86.Build.0 = Debug|Any CPU
		{353B14E4-9062-4AC3-9AC1-F4D9240D1B7B}.Release|Any CPU.ActiveCfg = Release|Any CPU
		{353B14E4-9062-4AC3-9AC1-F4D9240D1B7B}.Release|Any CPU.Build.0 = Release|Any CPU
		{353B14E4-9062-4AC3-9AC1-F4D9240D1B7B}.Release|x64.ActiveCfg = Release|Any CPU
		{353B14E4-9062-4AC3-9AC1-F4D9240D1B7B}.Release|x64.Build.0 = Release|Any CPU
		{353B14E4-9062-4AC3-9AC1-F4D9240D1B7B}.Release|x86.ActiveCfg = Release|Any CPU
		{353B14E4-9062-4AC3-9AC1-F4D9240D1B7B}.Release|x86.Build.0 = Release|Any CPU
		{10059F2B-7E5F-42CA-8D90-2CD40E0069C7}.Debug|Any CPU.ActiveCfg = Debug|Any CPU
		{10059F2B-7E5F-42CA-8D90-2CD40E0069C7}.Debug|Any CPU.Build.0 = Debug|Any CPU
		{10059F2B-7E5F-42CA-8D90-2CD40E0069C7}.Debug|x64.ActiveCfg = Debug|Any CPU
		{10059F2B-7E5F-42CA-8D90-2CD40E0069C7}.Debug|x64.Build.0 = Debug|Any CPU
		{10059F2B-7E5F-42CA-8D90-2CD40E0069C7}.Debug|x86.ActiveCfg = Debug|Any CPU
		{10059F2B-7E5F-42CA-8D90-2CD40E0069C7}.Debug|x86.Build.0 = Debug|Any CPU
		{10059F2B-7E5F-42CA-8D90-2CD40E0069C7}.Release|Any CPU.ActiveCfg = Release|Any CPU
		{10059F2B-7E5F-42CA-8D90-2CD40E0069C7}.Release|Any CPU.Build.0 = Release|Any CPU
		{10059F2B-7E5F-42CA-8D90-2CD40E0069C7}.Release|x64.ActiveCfg = Release|Any CPU
		{10059F2B-7E5F-42CA-8D90-2CD40E0069C7}.Release|x64.Build.0 = Release|Any CPU
		{10059F2B-7E5F-42CA-8D90-2CD40E0069C7}.Release|x86.ActiveCfg = Release|Any CPU
		{10059F2B-7E5F-42CA-8D90-2CD40E0069C7}.Release|x86.Build.0 = Release|Any CPU
		{A029CF92-6554-425E-BABE-A95D000B5015}.Debug|Any CPU.ActiveCfg = Debug|Any CPU
		{A029CF92-6554-425E-BABE-A95D000B5015}.Debug|Any CPU.Build.0 = Debug|Any CPU
		{A029CF92-6554-425E-BABE-A95D000B5015}.Debug|x64.ActiveCfg = Debug|Any CPU
		{A029CF92-6554-425E-BABE-A95D000B5015}.Debug|x64.Build.0 = Debug|Any CPU
		{A029CF92-6554-425E-BABE-A95D000B5015}.Debug|x86.ActiveCfg = Debug|Any CPU
		{A029CF92-6554-425E-BABE-A95D000B5015}.Debug|x86.Build.0 = Debug|Any CPU
		{A029CF92-6554-425E-BABE-A95D000B5015}.Release|Any CPU.ActiveCfg = Release|Any CPU
		{A029CF92-6554-425E-BABE-A95D000B5015}.Release|Any CPU.Build.0 = Release|Any CPU
		{A029CF92-6554-425E-BABE-A95D000B5015}.Release|x64.ActiveCfg = Release|Any CPU
		{A029CF92-6554-425E-BABE-A95D000B5015}.Release|x64.Build.0 = Release|Any CPU
		{A029CF92-6554-425E-BABE-A95D000B5015}.Release|x86.ActiveCfg = Release|Any CPU
		{A029CF92-6554-425E-BABE-A95D000B5015}.Release|x86.Build.0 = Release|Any CPU
		{A05A3033-334E-4F7A-BF62-C50996B26B95}.Debug|Any CPU.ActiveCfg = Debug|Any CPU
		{A05A3033-334E-4F7A-BF62-C50996B26B95}.Debug|Any CPU.Build.0 = Debug|Any CPU
		{A05A3033-334E-4F7A-BF62-C50996B26B95}.Debug|x64.ActiveCfg = Debug|Any CPU
		{A05A3033-334E-4F7A-BF62-C50996B26B95}.Debug|x64.Build.0 = Debug|Any CPU
		{A05A3033-334E-4F7A-BF62-C50996B26B95}.Debug|x86.ActiveCfg = Debug|Any CPU
		{A05A3033-334E-4F7A-BF62-C50996B26B95}.Debug|x86.Build.0 = Debug|Any CPU
		{A05A3033-334E-4F7A-BF62-C50996B26B95}.Release|Any CPU.ActiveCfg = Release|Any CPU
		{A05A3033-334E-4F7A-BF62-C50996B26B95}.Release|Any CPU.Build.0 = Release|Any CPU
		{A05A3033-334E-4F7A-BF62-C50996B26B95}.Release|x64.ActiveCfg = Release|Any CPU
		{A05A3033-334E-4F7A-BF62-C50996B26B95}.Release|x64.Build.0 = Release|Any CPU
		{A05A3033-334E-4F7A-BF62-C50996B26B95}.Release|x86.ActiveCfg = Release|Any CPU
		{A05A3033-334E-4F7A-BF62-C50996B26B95}.Release|x86.Build.0 = Release|Any CPU
		{E92D9CDC-648B-41D5-B24B-2D804926633E}.Debug|Any CPU.ActiveCfg = Debug|Any CPU
		{E92D9CDC-648B-41D5-B24B-2D804926633E}.Debug|Any CPU.Build.0 = Debug|Any CPU
		{E92D9CDC-648B-41D5-B24B-2D804926633E}.Debug|x64.ActiveCfg = Debug|Any CPU
		{E92D9CDC-648B-41D5-B24B-2D804926633E}.Debug|x64.Build.0 = Debug|Any CPU
		{E92D9CDC-648B-41D5-B24B-2D804926633E}.Debug|x86.ActiveCfg = Debug|Any CPU
		{E92D9CDC-648B-41D5-B24B-2D804926633E}.Debug|x86.Build.0 = Debug|Any CPU
		{E92D9CDC-648B-41D5-B24B-2D804926633E}.Release|Any CPU.ActiveCfg = Release|Any CPU
		{E92D9CDC-648B-41D5-B24B-2D804926633E}.Release|Any CPU.Build.0 = Release|Any CPU
		{E92D9CDC-648B-41D5-B24B-2D804926633E}.Release|x64.ActiveCfg = Release|Any CPU
		{E92D9CDC-648B-41D5-B24B-2D804926633E}.Release|x64.Build.0 = Release|Any CPU
		{E92D9CDC-648B-41D5-B24B-2D804926633E}.Release|x86.ActiveCfg = Release|Any CPU
		{E92D9CDC-648B-41D5-B24B-2D804926633E}.Release|x86.Build.0 = Release|Any CPU
		{5218B201-AF63-4826-A492-31BC3AE81CBC}.Debug|Any CPU.ActiveCfg = Debug|Any CPU
		{5218B201-AF63-4826-A492-31BC3AE81CBC}.Debug|Any CPU.Build.0 = Debug|Any CPU
		{5218B201-AF63-4826-A492-31BC3AE81CBC}.Debug|x64.ActiveCfg = Debug|Any CPU
		{5218B201-AF63-4826-A492-31BC3AE81CBC}.Debug|x64.Build.0 = Debug|Any CPU
		{5218B201-AF63-4826-A492-31BC3AE81CBC}.Debug|x86.ActiveCfg = Debug|Any CPU
		{5218B201-AF63-4826-A492-31BC3AE81CBC}.Debug|x86.Build.0 = Debug|Any CPU
		{5218B201-AF63-4826-A492-31BC3AE81CBC}.Release|Any CPU.ActiveCfg = Release|Any CPU
		{5218B201-AF63-4826-A492-31BC3AE81CBC}.Release|Any CPU.Build.0 = Release|Any CPU
		{5218B201-AF63-4826-A492-31BC3AE81CBC}.Release|x64.ActiveCfg = Release|Any CPU
		{5218B201-AF63-4826-A492-31BC3AE81CBC}.Release|x64.Build.0 = Release|Any CPU
		{5218B201-AF63-4826-A492-31BC3AE81CBC}.Release|x86.ActiveCfg = Release|Any CPU
		{5218B201-AF63-4826-A492-31BC3AE81CBC}.Release|x86.Build.0 = Release|Any CPU
		{CC714F6A-7636-4657-8C9E-314690EED01E}.Debug|Any CPU.ActiveCfg = Debug|Any CPU
		{CC714F6A-7636-4657-8C9E-314690EED01E}.Debug|Any CPU.Build.0 = Debug|Any CPU
		{CC714F6A-7636-4657-8C9E-314690EED01E}.Debug|x64.ActiveCfg = Debug|Any CPU
		{CC714F6A-7636-4657-8C9E-314690EED01E}.Debug|x64.Build.0 = Debug|Any CPU
		{CC714F6A-7636-4657-8C9E-314690EED01E}.Debug|x86.ActiveCfg = Debug|Any CPU
		{CC714F6A-7636-4657-8C9E-314690EED01E}.Debug|x86.Build.0 = Debug|Any CPU
		{CC714F6A-7636-4657-8C9E-314690EED01E}.Release|Any CPU.ActiveCfg = Release|Any CPU
		{CC714F6A-7636-4657-8C9E-314690EED01E}.Release|Any CPU.Build.0 = Release|Any CPU
		{CC714F6A-7636-4657-8C9E-314690EED01E}.Release|x64.ActiveCfg = Release|Any CPU
		{CC714F6A-7636-4657-8C9E-314690EED01E}.Release|x64.Build.0 = Release|Any CPU
		{CC714F6A-7636-4657-8C9E-314690EED01E}.Release|x86.ActiveCfg = Release|Any CPU
		{CC714F6A-7636-4657-8C9E-314690EED01E}.Release|x86.Build.0 = Release|Any CPU
		{23C6051E-C7E3-4378-9C5F-896E2A4CEB6E}.Debug|Any CPU.ActiveCfg = Debug|Any CPU
		{23C6051E-C7E3-4378-9C5F-896E2A4CEB6E}.Debug|Any CPU.Build.0 = Debug|Any CPU
		{23C6051E-C7E3-4378-9C5F-896E2A4CEB6E}.Debug|x64.ActiveCfg = Debug|Any CPU
		{23C6051E-C7E3-4378-9C5F-896E2A4CEB6E}.Debug|x64.Build.0 = Debug|Any CPU
		{23C6051E-C7E3-4378-9C5F-896E2A4CEB6E}.Debug|x86.ActiveCfg = Debug|Any CPU
		{23C6051E-C7E3-4378-9C5F-896E2A4CEB6E}.Debug|x86.Build.0 = Debug|Any CPU
		{23C6051E-C7E3-4378-9C5F-896E2A4CEB6E}.Release|Any CPU.ActiveCfg = Release|Any CPU
		{23C6051E-C7E3-4378-9C5F-896E2A4CEB6E}.Release|Any CPU.Build.0 = Release|Any CPU
		{23C6051E-C7E3-4378-9C5F-896E2A4CEB6E}.Release|x64.ActiveCfg = Release|Any CPU
		{23C6051E-C7E3-4378-9C5F-896E2A4CEB6E}.Release|x64.Build.0 = Release|Any CPU
		{23C6051E-C7E3-4378-9C5F-896E2A4CEB6E}.Release|x86.ActiveCfg = Release|Any CPU
		{23C6051E-C7E3-4378-9C5F-896E2A4CEB6E}.Release|x86.Build.0 = Release|Any CPU
		{1A07A36A-228A-4E26-90FC-8F2F6B48EB8D}.Debug|Any CPU.ActiveCfg = Debug|Any CPU
		{1A07A36A-228A-4E26-90FC-8F2F6B48EB8D}.Debug|Any CPU.Build.0 = Debug|Any CPU
		{1A07A36A-228A-4E26-90FC-8F2F6B48EB8D}.Debug|x64.ActiveCfg = Debug|Any CPU
		{1A07A36A-228A-4E26-90FC-8F2F6B48EB8D}.Debug|x64.Build.0 = Debug|Any CPU
		{1A07A36A-228A-4E26-90FC-8F2F6B48EB8D}.Debug|x86.ActiveCfg = Debug|Any CPU
		{1A07A36A-228A-4E26-90FC-8F2F6B48EB8D}.Debug|x86.Build.0 = Debug|Any CPU
		{1A07A36A-228A-4E26-90FC-8F2F6B48EB8D}.Release|Any CPU.ActiveCfg = Release|Any CPU
		{1A07A36A-228A-4E26-90FC-8F2F6B48EB8D}.Release|Any CPU.Build.0 = Release|Any CPU
		{1A07A36A-228A-4E26-90FC-8F2F6B48EB8D}.Release|x64.ActiveCfg = Release|Any CPU
		{1A07A36A-228A-4E26-90FC-8F2F6B48EB8D}.Release|x64.Build.0 = Release|Any CPU
		{1A07A36A-228A-4E26-90FC-8F2F6B48EB8D}.Release|x86.ActiveCfg = Release|Any CPU
		{1A07A36A-228A-4E26-90FC-8F2F6B48EB8D}.Release|x86.Build.0 = Release|Any CPU
	EndGlobalSection
	GlobalSection(SolutionProperties) = preSolution
		HideSolutionNode = FALSE
	EndGlobalSection
	GlobalSection(NestedProjects) = preSolution
		{50FCFA69-FFEC-48D3-AE38-E40A5FFFB56E} = {827E0CD3-B72D-47B6-A68D-7590B98EB39B}
		{9FCEE7A5-8688-4326-AF83-232E69ECB47F} = {5D20AA90-6969-D8BD-9DCD-8634F4692FDA}
		{6445FFCA-0E7F-40A4-BB39-73FCFB6913EA} = {5D20AA90-6969-D8BD-9DCD-8634F4692FDA}
		{C1C8EDB7-934A-4E45-9711-CA72715EFBF4} = {5D20AA90-6969-D8BD-9DCD-8634F4692FDA}
		{9D6BA585-5523-4D6E-AA29-D65DC9800979} = {827E0CD3-B72D-47B6-A68D-7590B98EB39B}
		{A55D6FE5-2EE0-457B-A480-21E31A099544} = {827E0CD3-B72D-47B6-A68D-7590B98EB39B}
		{119E8B45-7CA4-4579-B71A-B10A5C810326} = {827E0CD3-B72D-47B6-A68D-7590B98EB39B}
		{55F271E4-6E8D-4E6E-8B15-52BB8C1266A9} = {827E0CD3-B72D-47B6-A68D-7590B98EB39B}
		{23F5B287-9B6B-40B9-91B3-DC20DAE2EFD9} = {827E0CD3-B72D-47B6-A68D-7590B98EB39B}
		{F0422FF3-3789-4F58-A8EF-D2DA6769D926} = {827E0CD3-B72D-47B6-A68D-7590B98EB39B}
		{652D68C6-C879-4705-AE88-0CE4440F07D9} = {827E0CD3-B72D-47B6-A68D-7590B98EB39B}
		{8DE3795D-A2FB-4931-85CA-71DB0873E9A6} = {827E0CD3-B72D-47B6-A68D-7590B98EB39B}
		{60641BF4-6A08-4F28-AE8E-2505924C76A6} = {827E0CD3-B72D-47B6-A68D-7590B98EB39B}
		{353B14E4-9062-4AC3-9AC1-F4D9240D1B7B} = {827E0CD3-B72D-47B6-A68D-7590B98EB39B}
		{10059F2B-7E5F-42CA-8D90-2CD40E0069C7} = {827E0CD3-B72D-47B6-A68D-7590B98EB39B}
		{A029CF92-6554-425E-BABE-A95D000B5015} = {827E0CD3-B72D-47B6-A68D-7590B98EB39B}
		{A05A3033-334E-4F7A-BF62-C50996B26B95} = {827E0CD3-B72D-47B6-A68D-7590B98EB39B}
		{E92D9CDC-648B-41D5-B24B-2D804926633E} = {827E0CD3-B72D-47B6-A68D-7590B98EB39B}
		{5218B201-AF63-4826-A492-31BC3AE81CBC} = {827E0CD3-B72D-47B6-A68D-7590B98EB39B}
		{CC714F6A-7636-4657-8C9E-314690EED01E} = {8B737D29-4E0A-4A05-9E23-20C4FC76A214}
		{23C6051E-C7E3-4378-9C5F-896E2A4CEB6E} = {8B737D29-4E0A-4A05-9E23-20C4FC76A214}
		{1A07A36A-228A-4E26-90FC-8F2F6B48EB8D} = {827E0CD3-B72D-47B6-A68D-7590B98EB39B}
	EndGlobalSection
EndGlobal
