
Microsoft Visual Studio Solution File, Format Version 12.00
# Visual Studio Version 17
VisualStudioVersion = 17.0.31903.59
MinimumVisualStudioVersion = 10.0.40219.1
Project("{2150E333-8FDC-42A3-9474-1A3956D46DE8}") = "src", "src", "{827E0CD3-B72D-47B6-A68D-7590B98EB39B}"
EndProject
Project("{FAE04EC0-301F-11D3-BF4B-00C04F79EFBC}") = "Skia3D.Core", "src\Skia3D.Core\Skia3D.Core.csproj", "{50FCFA69-FFEC-48D3-AE38-E40A5FFFB56E}"
EndProject
Project("{2150E333-8FDC-42A3-9474-1A3956D46DE8}") = "samples", "samples", "{5D20AA90-6969-D8BD-9DCD-8634F4692FDA}"
EndProject
Project("{FAE04EC0-301F-11D3-BF4B-00C04F79EFBC}") = "Skia3D.Sample", "samples\Skia3D.Sample\Skia3D.Sample.csproj", "{9FCEE7A5-8688-4326-AF83-232E69ECB47F}"
EndProject
Global
	GlobalSection(SolutionConfigurationPlatforms) = preSolution
		Debug|Any CPU = Debug|Any CPU
		Debug|x64 = Debug|x64
		Debug|x86 = Debug|x86
		Release|Any CPU = Release|Any CPU
		Release|x64 = Release|x64
		Release|x86 = Release|x86
	EndGlobalSection
	GlobalSection(ProjectConfigurationPlatforms) = postSolution
		{50FCFA69-FFEC-48D3-AE38-E40A5FFFB56E}.Debug|Any CPU.ActiveCfg = Debug|Any CPU
		{50FCFA69-FFEC-48D3-AE38-E40A5FFFB56E}.Debug|Any CPU.Build.0 = Debug|Any CPU
		{50FCFA69-FFEC-48D3-AE38-E40A5FFFB56E}.Debug|x64.ActiveCfg = Debug|Any CPU
		{50FCFA69-FFEC-48D3-AE38-E40A5FFFB56E}.Debug|x64.Build.0 = Debug|Any CPU
		{50FCFA69-FFEC-48D3-AE38-E40A5FFFB56E}.Debug|x86.ActiveCfg = Debug|Any CPU
		{50FCFA69-FFEC-48D3-AE38-E40A5FFFB56E}.Debug|x86.Build.0 = Debug|Any CPU
		{50FCFA69-FFEC-48D3-AE38-E40A5FFFB56E}.Release|Any CPU.ActiveCfg = Release|Any CPU
		{50FCFA69-FFEC-48D3-AE38-E40A5FFFB56E}.Release|Any CPU.Build.0 = Release|Any CPU
		{50FCFA69-FFEC-48D3-AE38-E40A5FFFB56E}.Release|x64.ActiveCfg = Release|Any CPU
		{50FCFA69-FFEC-48D3-AE38-E40A5FFFB56E}.Release|x64.Build.0 = Release|Any CPU
		{50FCFA69-FFEC-48D3-AE38-E40A5FFFB56E}.Release|x86.ActiveCfg = Release|Any CPU
		{50FCFA69-FFEC-48D3-AE38-E40A5FFFB56E}.Release|x86.Build.0 = Release|Any CPU
		{9FCEE7A5-8688-4326-AF83-232E69ECB47F}.Debug|Any CPU.ActiveCfg = Debug|Any CPU
		{9FCEE7A5-8688-4326-AF83-232E69ECB47F}.Debug|Any CPU.Build.0 = Debug|Any CPU
		{9FCEE7A5-8688-4326-AF83-232E69ECB47F}.Debug|x64.ActiveCfg = Debug|Any CPU
		{9FCEE7A5-8688-4326-AF83-232E69ECB47F}.Debug|x64.Build.0 = Debug|Any CPU
		{9FCEE7A5-8688-4326-AF83-232E69ECB47F}.Debug|x86.ActiveCfg = Debug|Any CPU
		{9FCEE7A5-8688-4326-AF83-232E69ECB47F}.Debug|x86.Build.0 = Debug|Any CPU
		{9FCEE7A5-8688-4326-AF83-232E69ECB47F}.Release|Any CPU.ActiveCfg = Release|Any CPU
		{9FCEE7A5-8688-4326-AF83-232E69ECB47F}.Release|Any CPU.Build.0 = Release|Any CPU
		{9FCEE7A5-8688-4326-AF83-232E69ECB47F}.Release|x64.ActiveCfg = Release|Any CPU
		{9FCEE7A5-8688-4326-AF83-232E69ECB47F}.Release|x64.Build.0 = Release|Any CPU
		{9FCEE7A5-8688-4326-AF83-232E69ECB47F}.Release|x86.ActiveCfg = Release|Any CPU
		{9FCEE7A5-8688-4326-AF83-232E69ECB47F}.Release|x86.Build.0 = Release|Any CPU
	EndGlobalSection
	GlobalSection(SolutionProperties) = preSolution
		HideSolutionNode = FALSE
	EndGlobalSection
	GlobalSection(NestedProjects) = preSolution
		{50FCFA69-FFEC-48D3-AE38-E40A5FFFB56E} = {827E0CD3-B72D-47B6-A68D-7590B98EB39B}
		{9FCEE7A5-8688-4326-AF83-232E69ECB47F} = {5D20AA90-6969-D8BD-9DCD-8634F4692FDA}
	EndGlobalSection
EndGlobal
